// !$*UTF8*$!
{
	archiveVersion = 1;
	classes = {
	};
	objectVersion = 46;
	objects = {

/* Begin PBXBuildFile section */
		4BFB037B1F6BCF6900F177DE /* AppDelegate.swift in Sources */ = {isa = PBXBuildFile; fileRef = 4BFB037A1F6BCF6900F177DE /* AppDelegate.swift */; };
		4BFB037D1F6BCF6900F177DE /* ViewController.swift in Sources */ = {isa = PBXBuildFile; fileRef = 4BFB037C1F6BCF6900F177DE /* ViewController.swift */; };
		4BFB03801F6BCF6900F177DE /* Main.storyboard in Resources */ = {isa = PBXBuildFile; fileRef = 4BFB037E1F6BCF6900F177DE /* Main.storyboard */; };
		4BFB03821F6BCF6900F177DE /* Assets.xcassets in Resources */ = {isa = PBXBuildFile; fileRef = 4BFB03811F6BCF6900F177DE /* Assets.xcassets */; };
		4BFB03851F6BCF6900F177DE /* LaunchScreen.storyboard in Resources */ = {isa = PBXBuildFile; fileRef = 4BFB03831F6BCF6900F177DE /* LaunchScreen.storyboard */; };
		4BFB038D1F6BF89A00F177DE /* TableViewController.swift in Sources */ = {isa = PBXBuildFile; fileRef = 4BFB038C1F6BF89A00F177DE /* TableViewController.swift */; };
/* End PBXBuildFile section */

/* Begin PBXFileReference section */
		4BFB03771F6BCF6900F177DE /* UITableViewSample.app */ = {isa = PBXFileReference; explicitFileType = wrapper.application; includeInIndex = 0; path = UITableViewSample.app; sourceTree = BUILT_PRODUCTS_DIR; };
		4BFB037A1F6BCF6900F177DE /* AppDelegate.swift */ = {isa = PBXFileReference; lastKnownFileType = sourcecode.swift; path = AppDelegate.swift; sourceTree = "<group>"; };
		4BFB037C1F6BCF6900F177DE /* ViewController.swift */ = {isa = PBXFileReference; lastKnownFileType = sourcecode.swift; path = ViewController.swift; sourceTree = "<group>"; };
		4BFB037F1F6BCF6900F177DE /* Base */ = {isa = PBXFileReference; lastKnownFileType = file.storyboard; name = Base; path = Base.lproj/Main.storyboard; sourceTree = "<group>"; };
		4BFB03811F6BCF6900F177DE /* Assets.xcassets */ = {isa = PBXFileReference; lastKnownFileType = folder.assetcatalog; path = Assets.xcassets; sourceTree = "<group>"; };
		4BFB03841F6BCF6900F177DE /* Base */ = {isa = PBXFileReference; lastKnownFileType = file.storyboard; name = Base; path = Base.lproj/LaunchScreen.storyboard; sourceTree = "<group>"; };
		4BFB03861F6BCF6900F177DE /* Info.plist */ = {isa = PBXFileReference; lastKnownFileType = text.plist.xml; path = Info.plist; sourceTree = "<group>"; };
		4BFB038C1F6BF89A00F177DE /* TableViewController.swift */ = {isa = PBXFileReference; fileEncoding = 4; lastKnownFileType = sourcecode.swift; path = TableViewController.swift; sourceTree = "<group>"; };
/* End PBXFileReference section */

/* Begin PBXFrameworksBuildPhase section */
		4BFB03741F6BCF6900F177DE /* Frameworks */ = {
			isa = PBXFrameworksBuildPhase;
			buildActionMask = 2147483647;
			files = (
			);
			runOnlyForDeploymentPostprocessing = 0;
		};
/* End PBXFrameworksBuildPhase section */

/* Begin PBXGroup section */
		4BFB036E1F6BCF6900F177DE = {
			isa = PBXGroup;
			children = (
				4BFB03791F6BCF6900F177DE /* UITableViewSample */,
				4BFB03781F6BCF6900F177DE /* Products */,
			);
			sourceTree = "<group>";
		};
		4BFB03781F6BCF6900F177DE /* Products */ = {
			isa = PBXGroup;
			children = (
				4BFB03771F6BCF6900F177DE /* UITableViewSample.app */,
			);
			name = Products;
			sourceTree = "<group>";
		};
		4BFB03791F6BCF6900F177DE /* UITableViewSample */ = {
			isa = PBXGroup;
			children = (
				4BFB037A1F6BCF6900F177DE /* AppDelegate.swift */,
				4BFB037C1F6BCF6900F177DE /* ViewController.swift */,
				4BFB038C1F6BF89A00F177DE /* TableViewController.swift */,
				4BFB037E1F6BCF6900F177DE /* Main.storyboard */,
				4BFB03811F6BCF6900F177DE /* Assets.xcassets */,
				4BFB03831F6BCF6900F177DE /* LaunchScreen.storyboard */,
				4BFB03861F6BCF6900F177DE /* Info.plist */,
			);
			path = UITableViewSample;
			sourceTree = "<group>";
		};
/* End PBXGroup section */

/* Begin PBXNativeTarget section */
		4BFB03761F6BCF6900F177DE /* UITableViewSample */ = {
			isa = PBXNativeTarget;
			buildConfigurationList = 4BFB03891F6BCF6900F177DE /* Build configuration list for PBXNativeTarget "UITableViewSample" */;
			buildPhases = (
				4BFB03731F6BCF6900F177DE /* Sources */,
				4BFB03741F6BCF6900F177DE /* Frameworks */,
				4BFB03751F6BCF6900F177DE /* Resources */,
			);
			buildRules = (
			);
			dependencies = (
			);
			name = UITableViewSample;
			productName = UITableViewSample;
			productReference = 4BFB03771F6BCF6900F177DE /* UITableViewSample.app */;
			productType = "com.apple.product-type.application";
		};
/* End PBXNativeTarget section */

/* Begin PBXProject section */
		4BFB036F1F6BCF6900F177DE /* Project object */ = {
			isa = PBXProject;
			attributes = {
				LastSwiftUpdateCheck = 0830;
				LastUpgradeCheck = 0830;
				ORGANIZATIONNAME = sample;
				TargetAttributes = {
					4BFB03761F6BCF6900F177DE = {
						CreatedOnToolsVersion = 8.3.3;
						ProvisioningStyle = Automatic;
					};
				};
			};
			buildConfigurationList = 4BFB03721F6BCF6900F177DE /* Build configuration list for PBXProject "UITableViewSample" */;
			compatibilityVersion = "Xcode 3.2";
			developmentRegion = English;
			hasScannedForEncodings = 0;
			knownRegions = (
				en,
				Base,
			);
			mainGroup = 4BFB036E1F6BCF6900F177DE;
			productRefGroup = 4BFB03781F6BCF6900F177DE /* Products */;
			projectDirPath = "";
			projectRoot = "";
			targets = (
				4BFB03761F6BCF6900F177DE /* UITableViewSample */,
			);
		};
/* End PBXProject section */

/* Begin PBXResourcesBuildPhase section */
		4BFB03751F6BCF6900F177DE /* Resources */ = {
			isa = PBXResourcesBuildPhase;
			buildActionMask = 2147483647;
			files = (
				4BFB03851F6BCF6900F177DE /* LaunchScreen.storyboard in Resources */,
				4BFB03821F6BCF6900F177DE /* Assets.xcassets in Resources */,
				4BFB03801F6BCF6900F177DE /* Main.storyboard in Resources */,
			);
			runOnlyForDeploymentPostprocessing = 0;
		};
/* End PBXResourcesBuildPhase section */

/* Begin PBXSourcesBuildPhase section */
		4BFB03731F6BCF6900F177DE /* Sources */ = {
			isa = PBXSourcesBuildPhase;
			buildActionMask = 2147483647;
			files = (
				4BFB037D1F6BCF6900F177DE /* ViewController.swift in Sources */,
				4BFB038D1F6BF89A00F177DE /* TableViewController.swift in Sources */,
				4BFB037B1F6BCF6900F177DE /* AppDelegate.swift in Sources */,
			);
			runOnlyForDeploymentPostprocessing = 0;
		};
/* End PBXSourcesBuildPhase section */

/* Begin PBXVariantGroup section */
		4BFB037E1F6BCF6900F177DE /* Main.storyboard */ = {
			isa = PBXVariantGroup;
			children = (
				4BFB037F1F6BCF6900F177DE /* Base */,
			);
			name = Main.storyboard;
			sourceTree = "<group>";
		};
		4BFB03831F6BCF6900F177DE /* LaunchScreen.storyboard */ = {
			isa = PBXVariantGroup;
			children = (
				4BFB03841F6BCF6900F177DE /* Base */,
			);
			name = LaunchScreen.storyboard;
			sourceTree = "<group>";
		};
/* End PBXVariantGroup section */

/* Begin XCBuildConfiguration section */
		4BFB03871F6BCF6900F177DE /* Debug */ = {
			isa = XCBuildConfiguration;
			buildSettings = {
				ALWAYS_SEARCH_USER_PATHS = NO;
				CLANG_ANALYZER_NONNULL = YES;
				CLANG_ANALYZER_NUMBER_OBJECT_CONVERSION = YES_AGGRESSIVE;
				CLANG_CXX_LANGUAGE_STANDARD = "gnu++0x";
				CLANG_CXX_LIBRARY = "libc++";
				CLANG_ENABLE_MODULES = YES;
				CLANG_ENABLE_OBJC_ARC = YES;
				CLANG_WARN_BOOL_CONVERSION = YES;
				CLANG_WARN_CONSTANT_CONVERSION = YES;
				CLANG_WARN_DIRECT_OBJC_ISA_USAGE = YES_ERROR;
				CLANG_WARN_DOCUMENTATION_COMMENTS = YES;
				CLANG_WARN_EMPTY_BODY = YES;
				CLANG_WARN_ENUM_CONVERSION = YES;
				CLANG_WARN_INFINITE_RECURSION = YES;
				CLANG_WARN_INT_CONVERSION = YES;
				CLANG_WARN_OBJC_ROOT_CLASS = YES_ERROR;
				CLANG_WARN_SUSPICIOUS_MOVE = YES;
				CLANG_WARN_UNREACHABLE_CODE = YES;
				CLANG_WARN__DUPLICATE_METHOD_MATCH = YES;
				"CODE_SIGN_IDENTITY[sdk=iphoneos*]" = "iPhone Developer";
				COPY_PHASE_STRIP = NO;
				DEBUG_INFORMATION_FORMAT = dwarf;
				ENABLE_STRICT_OBJC_MSGSEND = YES;
				ENABLE_TESTABILITY = YES;
				GCC_C_LANGUAGE_STANDARD = gnu99;
				GCC_DYNAMIC_NO_PIC = NO;
				GCC_NO_COMMON_BLOCKS = YES;
				GCC_OPTIMIZATION_LEVEL = 0;
				GCC_PREPROCESSOR_DEFINITIONS = (
					"DEBUG=1",
					"$(inherited)",
				);
				GCC_WARN_64_TO_32_BIT_CONVERSION = YES;
				GCC_WARN_ABOUT_RETURN_TYPE = YES_ERROR;
				GCC_WARN_UNDECLARED_SELECTOR = YES;
				GCC_WARN_UNINITIALIZED_AUTOS = YES_AGGRESSIVE;
				GCC_WARN_UNUSED_FUNCTION = YES;
				GCC_WARN_UNUSED_VARIABLE = YES;
				IPHONEOS_DEPLOYMENT_TARGET = 10.3;
				MTL_ENABLE_DEBUG_INFO = YES;
				ONLY_ACTIVE_ARCH = YES;
				SDKROOT = iphoneos;
				SWIFT_ACTIVE_COMPILATION_CONDITIONS = DEBUG;
				SWIFT_OPTIMIZATION_LEVEL = "-Onone";
				TARGETED_DEVICE_FAMILY = "1,2";
			};
			name = Debug;
		};
		4BFB03881F6BCF6900F177DE /* Release */ = {
			isa = XCBuildConfiguration;
			buildSettings = {
				ALWAYS_SEARCH_USER_PATHS = NO;
				CLANG_ANALYZER_NONNULL = YES;
				CLANG_ANALYZER_NUMBER_OBJECT_CONVERSION = YES_AGGRESSIVE;
				CLANG_CXX_LANGUAGE_STANDARD = "gnu++0x";
				CLANG_CXX_LIBRARY = "libc++";
				CLANG_ENABLE_MODULES = YES;
				CLANG_ENABLE_OBJC_ARC = YES;
				CLANG_WARN_BOOL_CONVERSION = YES;
				CLANG_WARN_CONSTANT_CONVERSION = YES;
				CLANG_WARN_DIRECT_OBJC_ISA_USAGE = YES_ERROR;
				CLANG_WARN_DOCUMENTATION_COMMENTS = YES;
				CLANG_WARN_EMPTY_BODY = YES;
				CLANG_WARN_ENUM_CONVERSION = YES;
				CLANG_WARN_INFINITE_RECURSION = YES;
				CLANG_WARN_INT_CONVERSION = YES;
				CLANG_WARN_OBJC_ROOT_CLASS = YES_ERROR;
				CLANG_WARN_SUSPICIOUS_MOVE = YES;
				CLANG_WARN_UNREACHABLE_CODE = YES;
				CLANG_WARN__DUPLICATE_METHOD_MATCH = YES;
				"CODE_SIGN_IDENTITY[sdk=iphoneos*]" = "iPhone Developer";
				COPY_PHASE_STRIP = NO;
				DEBUG_INFORMATION_FORMAT = "dwarf-with-dsym";
				ENABLE_NS_ASSERTIONS = NO;
				ENABLE_STRICT_OBJC_MSGSEND = YES;
				GCC_C_LANGUAGE_STANDARD = gnu99;
				GCC_NO_COMMON_BLOCKS = YES;
				GCC_WARN_64_TO_32_BIT_CONVERSION = YES;
				GCC_WARN_ABOUT_RETURN_TYPE = YES_ERROR;
				GCC_WARN_UNDECLARED_SELECTOR = YES;
				GCC_WARN_UNINITIALIZED_AUTOS = YES_AGGRESSIVE;
				GCC_WARN_UNUSED_FUNCTION = YES;
				GCC_WARN_UNUSED_VARIABLE = YES;
				IPHONEOS_DEPLOYMENT_TARGET = 10.3;
				MTL_ENABLE_DEBUG_INFO = NO;
				SDKROOT = iphoneos;
				SWIFT_OPTIMIZATION_LEVEL = "-Owholemodule";
				TARGETED_DEVICE_FAMILY = "1,2";
				VALIDATE_PRODUCT = YES;
			};
			name = Release;
		};
		4BFB038A1F6BCF6900F177DE /* Debug */ = {
			isa = XCBuildConfiguration;
			buildSettings = {
				ASSETCATALOG_COMPILER_APPICON_NAME = AppIcon;
				INFOPLIST_FILE = UITableViewSample/Info.plist;
				LD_RUNPATH_SEARCH_PATHS = "$(inherited) @executable_path/Frameworks";
				PRODUCT_BUNDLE_IDENTIFIER = com.sample.UITableViewSample;
				PRODUCT_NAME = "$(TARGET_NAME)";
				SWIFT_VERSION = 3.0;
			};
			name = Debug;
		};
		4BFB038B1F6BCF6900F177DE /* Release */ = {
			isa = XCBuildConfiguration;
			buildSettings = {
				ASSETCATALOG_COMPILER_APPICON_NAME = AppIcon;
				INFOPLIST_FILE = UITableViewSample/Info.plist;
				LD_RUNPATH_SEARCH_PATHS = "$(inherited) @executable_path/Frameworks";
				PRODUCT_BUNDLE_IDENTIFIER = com.sample.UITableViewSample;
				PRODUCT_NAME = "$(TARGET_NAME)";
				SWIFT_VERSION = 3.0;
			};
			name = Release;
		};
/* End XCBuildConfiguration section */

/* Begin XCConfigurationList section */
		4BFB03721F6BCF6900F177DE /* Build configuration list for PBXProject "UITableViewSample" */ = {
			isa = XCConfigurationList;
			buildConfigurations = (
				4BFB03871F6BCF6900F177DE /* Debug */,
				4BFB03881F6BCF6900F177DE /* Release */,
			);
			defaultConfigurationIsVisible = 0;
			defaultConfigurationName = Release;
		};
		4BFB03891F6BCF6900F177DE /* Build configuration list for PBXNativeTarget "UITableViewSample" */ = {
			isa = XCConfigurationList;
			buildConfigurations = (
				4BFB038A1F6BCF6900F177DE /* Debug */,
				4BFB038B1F6BCF6900F177DE /* Release */,
			);
			defaultConfigurationIsVisible = 0;
		};
/* End XCConfigurationList section */
	};
	rootObject = 4BFB036F1F6BCF6900F177DE /* Project object */;
}
